// !$*UTF8*$!
{
	archiveVersion = 1;
	classes = {
	};
	objectVersion = 46;
	objects = {

/* Begin PBXBuildFile section */
		09F0003C1C246A3C005252D6 /* AppDelegate.swift in Sources */ = {isa = PBXBuildFile; fileRef = 09F0003B1C246A3C005252D6 /* AppDelegate.swift */; };
		09F0003E1C246A3C005252D6 /* ViewController.swift in Sources */ = {isa = PBXBuildFile; fileRef = 09F0003D1C246A3C005252D6 /* ViewController.swift */; };
		09F000411C246A3C005252D6 /* Main.storyboard in Resources */ = {isa = PBXBuildFile; fileRef = 09F0003F1C246A3C005252D6 /* Main.storyboard */; };
		09F000431C246A3C005252D6 /* Assets.xcassets in Resources */ = {isa = PBXBuildFile; fileRef = 09F000421C246A3C005252D6 /* Assets.xcassets */; };
		09F000461C246A3C005252D6 /* LaunchScreen.storyboard in Resources */ = {isa = PBXBuildFile; fileRef = 09F000441C246A3C005252D6 /* LaunchScreen.storyboard */; };
		09F000511C246A3C005252D6 /* AcceptanceTests.swift in Sources */ = {isa = PBXBuildFile; fileRef = 09F000501C246A3C005252D6 /* AcceptanceTests.swift */; };
		09F0005C1C246A3C005252D6 /* AcceptanceUITests.swift in Sources */ = {isa = PBXBuildFile; fileRef = 09F0005B1C246A3C005252D6 /* AcceptanceUITests.swift */; };
		09F0006A1C246F4A005252D6 /* Alamofire.framework in Frameworks */ = {isa = PBXBuildFile; fileRef = 09F000691C246F4A005252D6 /* Alamofire.framework */; };
		9497B3846691F339F3F77B19 /* Pods_Acceptance.framework in Frameworks */ = {isa = PBXBuildFile; fileRef = 46DFFF06716BA3E8EE658D96 /* Pods_Acceptance.framework */; };
/* End PBXBuildFile section */

/* Begin PBXContainerItemProxy section */
		09F0004D1C246A3C005252D6 /* PBXContainerItemProxy */ = {
			isa = PBXContainerItemProxy;
			containerPortal = 09F000301C246A3C005252D6 /* Project object */;
			proxyType = 1;
			remoteGlobalIDString = 09F000371C246A3C005252D6;
			remoteInfo = Acceptance;
		};
		09F000581C246A3C005252D6 /* PBXContainerItemProxy */ = {
			isa = PBXContainerItemProxy;
			containerPortal = 09F000301C246A3C005252D6 /* Project object */;
			proxyType = 1;
			remoteGlobalIDString = 09F000371C246A3C005252D6;
			remoteInfo = Acceptance;
		};
/* End PBXContainerItemProxy section */

/* Begin PBXFileReference section */
		09F000381C246A3C005252D6 /* Acceptance.app */ = {isa = PBXFileReference; explicitFileType = wrapper.application; includeInIndex = 0; path = Acceptance.app; sourceTree = BUILT_PRODUCTS_DIR; };
		09F0003B1C246A3C005252D6 /* AppDelegate.swift */ = {isa = PBXFileReference; lastKnownFileType = sourcecode.swift; path = AppDelegate.swift; sourceTree = "<group>"; };
		09F0003D1C246A3C005252D6 /* ViewController.swift */ = {isa = PBXFileReference; lastKnownFileType = sourcecode.swift; path = ViewController.swift; sourceTree = "<group>"; };
		09F000401C246A3C005252D6 /* Base */ = {isa = PBXFileReference; lastKnownFileType = file.storyboard; name = Base; path = Base.lproj/Main.storyboard; sourceTree = "<group>"; };
		09F000421C246A3C005252D6 /* Assets.xcassets */ = {isa = PBXFileReference; lastKnownFileType = folder.assetcatalog; path = Assets.xcassets; sourceTree = "<group>"; };
		09F000451C246A3C005252D6 /* Base */ = {isa = PBXFileReference; lastKnownFileType = file.storyboard; name = Base; path = Base.lproj/LaunchScreen.storyboard; sourceTree = "<group>"; };
		09F000471C246A3C005252D6 /* Info.plist */ = {isa = PBXFileReference; lastKnownFileType = text.plist.xml; path = Info.plist; sourceTree = "<group>"; };
		09F0004C1C246A3C005252D6 /* AcceptanceTests.xctest */ = {isa = PBXFileReference; explicitFileType = wrapper.cfbundle; includeInIndex = 0; path = AcceptanceTests.xctest; sourceTree = BUILT_PRODUCTS_DIR; };
		09F000501C246A3C005252D6 /* AcceptanceTests.swift */ = {isa = PBXFileReference; lastKnownFileType = sourcecode.swift; path = AcceptanceTests.swift; sourceTree = "<group>"; };
		09F000521C246A3C005252D6 /* Info.plist */ = {isa = PBXFileReference; lastKnownFileType = text.plist.xml; path = Info.plist; sourceTree = "<group>"; };
		09F000571C246A3C005252D6 /* AcceptanceUITests.xctest */ = {isa = PBXFileReference; explicitFileType = wrapper.cfbundle; includeInIndex = 0; path = AcceptanceUITests.xctest; sourceTree = BUILT_PRODUCTS_DIR; };
		09F0005B1C246A3C005252D6 /* AcceptanceUITests.swift */ = {isa = PBXFileReference; lastKnownFileType = sourcecode.swift; path = AcceptanceUITests.swift; sourceTree = "<group>"; };
		09F0005D1C246A3C005252D6 /* Info.plist */ = {isa = PBXFileReference; lastKnownFileType = text.plist.xml; path = Info.plist; sourceTree = "<group>"; };
		09F000691C246F4A005252D6 /* Alamofire.framework */ = {isa = PBXFileReference; lastKnownFileType = wrapper.framework; name = Alamofire.framework; path = Carthage/Build/iOS/Alamofire.framework; sourceTree = "<group>"; };
		46DFFF06716BA3E8EE658D96 /* Pods_Acceptance.framework */ = {isa = PBXFileReference; explicitFileType = wrapper.framework; includeInIndex = 0; path = Pods_Acceptance.framework; sourceTree = BUILT_PRODUCTS_DIR; };
		8D2B7A9F7C34D5AB702A28E0 /* Pods-Acceptance.debug.xcconfig */ = {isa = PBXFileReference; includeInIndex = 1; lastKnownFileType = text.xcconfig; name = "Pods-Acceptance.debug.xcconfig"; path = "Pods/Target Support Files/Pods-Acceptance/Pods-Acceptance.debug.xcconfig"; sourceTree = "<group>"; };
		8EE32C64AD3DBAA4C78AA070 /* Pods-Acceptance.release.xcconfig */ = {isa = PBXFileReference; includeInIndex = 1; lastKnownFileType = text.xcconfig; name = "Pods-Acceptance.release.xcconfig"; path = "Pods/Target Support Files/Pods-Acceptance/Pods-Acceptance.release.xcconfig"; sourceTree = "<group>"; };
/* End PBXFileReference section */

/* Begin PBXFrameworksBuildPhase section */
		09F000351C246A3C005252D6 /* Frameworks */ = {
			isa = PBXFrameworksBuildPhase;
			buildActionMask = 2147483647;
			files = (
				09F0006A1C246F4A005252D6 /* Alamofire.framework in Frameworks */,
				9497B3846691F339F3F77B19 /* Pods_Acceptance.framework in Frameworks */,
			);
			runOnlyForDeploymentPostprocessing = 0;
		};
		09F000491C246A3C005252D6 /* Frameworks */ = {
			isa = PBXFrameworksBuildPhase;
			buildActionMask = 2147483647;
			files = (
			);
			runOnlyForDeploymentPostprocessing = 0;
		};
		09F000541C246A3C005252D6 /* Frameworks */ = {
			isa = PBXFrameworksBuildPhase;
			buildActionMask = 2147483647;
			files = (
			);
			runOnlyForDeploymentPostprocessing = 0;
		};
/* End PBXFrameworksBuildPhase section */

/* Begin PBXGroup section */
		09F0002F1C246A3C005252D6 = {
			isa = PBXGroup;
			children = (
				09F000691C246F4A005252D6 /* Alamofire.framework */,
				09F0003A1C246A3C005252D6 /* Acceptance */,
				09F0004F1C246A3C005252D6 /* AcceptanceTests */,
				09F0005A1C246A3C005252D6 /* AcceptanceUITests */,
				09F000391C246A3C005252D6 /* Products */,
				3E527BE83B0231E819AE995D /* Pods */,
				84892923D038D0C0EA36A80A /* Frameworks */,
			);
			sourceTree = "<group>";
		};
		09F000391C246A3C005252D6 /* Products */ = {
			isa = PBXGroup;
			children = (
				09F000381C246A3C005252D6 /* Acceptance.app */,
				09F0004C1C246A3C005252D6 /* AcceptanceTests.xctest */,
				09F000571C246A3C005252D6 /* AcceptanceUITests.xctest */,
			);
			name = Products;
			sourceTree = "<group>";
		};
		09F0003A1C246A3C005252D6 /* Acceptance */ = {
			isa = PBXGroup;
			children = (
				09F0003B1C246A3C005252D6 /* AppDelegate.swift */,
				09F0003D1C246A3C005252D6 /* ViewController.swift */,
				09F0003F1C246A3C005252D6 /* Main.storyboard */,
				09F000421C246A3C005252D6 /* Assets.xcassets */,
				09F000441C246A3C005252D6 /* LaunchScreen.storyboard */,
				09F000471C246A3C005252D6 /* Info.plist */,
			);
			path = Acceptance;
			sourceTree = "<group>";
		};
		09F0004F1C246A3C005252D6 /* AcceptanceTests */ = {
			isa = PBXGroup;
			children = (
				09F000501C246A3C005252D6 /* AcceptanceTests.swift */,
				09F000521C246A3C005252D6 /* Info.plist */,
			);
			path = AcceptanceTests;
			sourceTree = "<group>";
		};
		09F0005A1C246A3C005252D6 /* AcceptanceUITests */ = {
			isa = PBXGroup;
			children = (
				09F0005B1C246A3C005252D6 /* AcceptanceUITests.swift */,
				09F0005D1C246A3C005252D6 /* Info.plist */,
			);
			path = AcceptanceUITests;
			sourceTree = "<group>";
		};
		3E527BE83B0231E819AE995D /* Pods */ = {
			isa = PBXGroup;
			children = (
				8D2B7A9F7C34D5AB702A28E0 /* Pods-Acceptance.debug.xcconfig */,
				8EE32C64AD3DBAA4C78AA070 /* Pods-Acceptance.release.xcconfig */,
			);
			name = Pods;
			sourceTree = "<group>";
		};
		84892923D038D0C0EA36A80A /* Frameworks */ = {
			isa = PBXGroup;
			children = (
				46DFFF06716BA3E8EE658D96 /* Pods_Acceptance.framework */,
			);
			name = Frameworks;
			sourceTree = "<group>";
		};
/* End PBXGroup section */

/* Begin PBXNativeTarget section */
		09F000371C246A3C005252D6 /* Acceptance */ = {
			isa = PBXNativeTarget;
			buildConfigurationList = 09F000601C246A3C005252D6 /* Build configuration list for PBXNativeTarget "Acceptance" */;
			buildPhases = (
				7B1758ECB9C278D5BB0B068D /* Check Pods Manifest.lock */,
				09F000341C246A3C005252D6 /* Sources */,
				09F000351C246A3C005252D6 /* Frameworks */,
				09F000361C246A3C005252D6 /* Resources */,
				09F0006B1C246F61005252D6 /* ShellScript */,
				9B64C911EE2AA0B28AE811A5 /* Embed Pods Frameworks */,
				E97D629A60440055516706FC /* Copy Pods Resources */,
			);
			buildRules = (
			);
			dependencies = (
			);
			name = Acceptance;
			productName = Acceptance;
			productReference = 09F000381C246A3C005252D6 /* Acceptance.app */;
			productType = "com.apple.product-type.application";
		};
		09F0004B1C246A3C005252D6 /* AcceptanceTests */ = {
			isa = PBXNativeTarget;
			buildConfigurationList = 09F000631C246A3C005252D6 /* Build configuration list for PBXNativeTarget "AcceptanceTests" */;
			buildPhases = (
				09F000481C246A3C005252D6 /* Sources */,
				09F000491C246A3C005252D6 /* Frameworks */,
				09F0004A1C246A3C005252D6 /* Resources */,
			);
			buildRules = (
			);
			dependencies = (
				09F0004E1C246A3C005252D6 /* PBXTargetDependency */,
			);
			name = AcceptanceTests;
			productName = AcceptanceTests;
			productReference = 09F0004C1C246A3C005252D6 /* AcceptanceTests.xctest */;
			productType = "com.apple.product-type.bundle.unit-test";
		};
		09F000561C246A3C005252D6 /* AcceptanceUITests */ = {
			isa = PBXNativeTarget;
			buildConfigurationList = 09F000661C246A3C005252D6 /* Build configuration list for PBXNativeTarget "AcceptanceUITests" */;
			buildPhases = (
				09F000531C246A3C005252D6 /* Sources */,
				09F000541C246A3C005252D6 /* Frameworks */,
				09F000551C246A3C005252D6 /* Resources */,
			);
			buildRules = (
			);
			dependencies = (
				09F000591C246A3C005252D6 /* PBXTargetDependency */,
			);
			name = AcceptanceUITests;
			productName = AcceptanceUITests;
			productReference = 09F000571C246A3C005252D6 /* AcceptanceUITests.xctest */;
			productType = "com.apple.product-type.bundle.ui-testing";
		};
/* End PBXNativeTarget section */

/* Begin PBXProject section */
		09F000301C246A3C005252D6 /* Project object */ = {
			isa = PBXProject;
			attributes = {
				LastSwiftUpdateCheck = 0720;
				LastUpgradeCheck = 0720;
				ORGANIZATIONNAME = "shuto kondo";
				TargetAttributes = {
					09F000371C246A3C005252D6 = {
						CreatedOnToolsVersion = 7.2;
						DevelopmentTeam = ZKK2SS83V2;
					};
					09F0004B1C246A3C005252D6 = {
						CreatedOnToolsVersion = 7.2;
						DevelopmentTeam = ZKK2SS83V2;
						TestTargetID = 09F000371C246A3C005252D6;
					};
					09F000561C246A3C005252D6 = {
						CreatedOnToolsVersion = 7.2;
						DevelopmentTeam = ZKK2SS83V2;
						TestTargetID = 09F000371C246A3C005252D6;
					};
				};
			};
			buildConfigurationList = 09F000331C246A3C005252D6 /* Build configuration list for PBXProject "Acceptance" */;
			compatibilityVersion = "Xcode 3.2";
			developmentRegion = English;
			hasScannedForEncodings = 0;
			knownRegions = (
				en,
				Base,
			);
			mainGroup = 09F0002F1C246A3C005252D6;
			productRefGroup = 09F000391C246A3C005252D6 /* Products */;
			projectDirPath = "";
			projectRoot = "";
			targets = (
				09F000371C246A3C005252D6 /* Acceptance */,
				09F0004B1C246A3C005252D6 /* AcceptanceTests */,
				09F000561C246A3C005252D6 /* AcceptanceUITests */,
			);
		};
/* End PBXProject section */

/* Begin PBXResourcesBuildPhase section */
		09F000361C246A3C005252D6 /* Resources */ = {
			isa = PBXResourcesBuildPhase;
			buildActionMask = 2147483647;
			files = (
				09F000461C246A3C005252D6 /* LaunchScreen.storyboard in Resources */,
				09F000431C246A3C005252D6 /* Assets.xcassets in Resources */,
				09F000411C246A3C005252D6 /* Main.storyboard in Resources */,
			);
			runOnlyForDeploymentPostprocessing = 0;
		};
		09F0004A1C246A3C005252D6 /* Resources */ = {
			isa = PBXResourcesBuildPhase;
			buildActionMask = 2147483647;
			files = (
			);
			runOnlyForDeploymentPostprocessing = 0;
		};
		09F000551C246A3C005252D6 /* Resources */ = {
			isa = PBXResourcesBuildPhase;
			buildActionMask = 2147483647;
			files = (
			);
			runOnlyForDeploymentPostprocessing = 0;
		};
/* End PBXResourcesBuildPhase section */

/* Begin PBXShellScriptBuildPhase section */
		09F0006B1C246F61005252D6 /* ShellScript */ = {
			isa = PBXShellScriptBuildPhase;
			buildActionMask = 2147483647;
			files = (
			);
			inputPaths = (
				"$(SRCROOT)/Carthage/Build/iOS/Alamofire.framework ",
			);
			outputPaths = (
			);
			runOnlyForDeploymentPostprocessing = 0;
			shellPath = /bin/sh;
			shellScript = "/usr/local/bin/carthage copy-frameworks";
		};
		7B1758ECB9C278D5BB0B068D /* Check Pods Manifest.lock */ = {
			isa = PBXShellScriptBuildPhase;
			buildActionMask = 2147483647;
			files = (
			);
			inputPaths = (
			);
			name = "Check Pods Manifest.lock";
			outputPaths = (
			);
			runOnlyForDeploymentPostprocessing = 0;
			shellPath = /bin/sh;
			shellScript = "diff \"${PODS_ROOT}/../Podfile.lock\" \"${PODS_ROOT}/Manifest.lock\" > /dev/null\nif [[ $? != 0 ]] ; then\n    cat << EOM\nerror: The sandbox is not in sync with the Podfile.lock. Run 'pod install' or update your CocoaPods installation.\nEOM\n    exit 1\nfi\n";
			showEnvVarsInLog = 0;
		};
		9B64C911EE2AA0B28AE811A5 /* Embed Pods Frameworks */ = {
			isa = PBXShellScriptBuildPhase;
			buildActionMask = 2147483647;
			files = (
			);
			inputPaths = (
			);
			name = "Embed Pods Frameworks";
			outputPaths = (
			);
			runOnlyForDeploymentPostprocessing = 0;
			shellPath = /bin/sh;
			shellScript = "\"${SRCROOT}/Pods/Target Support Files/Pods-Acceptance/Pods-Acceptance-frameworks.sh\"\n";
			showEnvVarsInLog = 0;
		};
		E97D629A60440055516706FC /* Copy Pods Resources */ = {
			isa = PBXShellScriptBuildPhase;
			buildActionMask = 2147483647;
			files = (
			);
			inputPaths = (
			);
			name = "Copy Pods Resources";
			outputPaths = (
			);
			runOnlyForDeploymentPostprocessing = 0;
			shellPath = /bin/sh;
			shellScript = "\"${SRCROOT}/Pods/Target Support Files/Pods-Acceptance/Pods-Acceptance-resources.sh\"\n";
			showEnvVarsInLog = 0;
		};
/* End PBXShellScriptBuildPhase section */

/* Begin PBXSourcesBuildPhase section */
		09F000341C246A3C005252D6 /* Sources */ = {
			isa = PBXSourcesBuildPhase;
			buildActionMask = 2147483647;
			files = (
				09F0003E1C246A3C005252D6 /* ViewController.swift in Sources */,
				09F0003C1C246A3C005252D6 /* AppDelegate.swift in Sources */,
			);
			runOnlyForDeploymentPostprocessing = 0;
		};
		09F000481C246A3C005252D6 /* Sources */ = {
			isa = PBXSourcesBuildPhase;
			buildActionMask = 2147483647;
			files = (
				09F000511C246A3C005252D6 /* AcceptanceTests.swift in Sources */,
			);
			runOnlyForDeploymentPostprocessing = 0;
		};
		09F000531C246A3C005252D6 /* Sources */ = {
			isa = PBXSourcesBuildPhase;
			buildActionMask = 2147483647;
			files = (
				09F0005C1C246A3C005252D6 /* AcceptanceUITests.swift in Sources */,
			);
			runOnlyForDeploymentPostprocessing = 0;
		};
/* End PBXSourcesBuildPhase section */

/* Begin PBXTargetDependency section */
		09F0004E1C246A3C005252D6 /* PBXTargetDependency */ = {
			isa = PBXTargetDependency;
			target = 09F000371C246A3C005252D6 /* Acceptance */;
			targetProxy = 09F0004D1C246A3C005252D6 /* PBXContainerItemProxy */;
		};
		09F000591C246A3C005252D6 /* PBXTargetDependency */ = {
			isa = PBXTargetDependency;
			target = 09F000371C246A3C005252D6 /* Acceptance */;
			targetProxy = 09F000581C246A3C005252D6 /* PBXContainerItemProxy */;
		};
/* End PBXTargetDependency section */

/* Begin PBXVariantGroup section */
		09F0003F1C246A3C005252D6 /* Main.storyboard */ = {
			isa = PBXVariantGroup;
			children = (
				09F000401C246A3C005252D6 /* Base */,
			);
			name = Main.storyboard;
			sourceTree = "<group>";
		};
		09F000441C246A3C005252D6 /* LaunchScreen.storyboard */ = {
			isa = PBXVariantGroup;
			children = (
				09F000451C246A3C005252D6 /* Base */,
			);
			name = LaunchScreen.storyboard;
			sourceTree = "<group>";
		};
/* End PBXVariantGroup section */

/* Begin XCBuildConfiguration section */
		09F0005E1C246A3C005252D6 /* Debug */ = {
			isa = XCBuildConfiguration;
			buildSettings = {
				ALWAYS_SEARCH_USER_PATHS = NO;
				CLANG_CXX_LANGUAGE_STANDARD = "gnu++0x";
				CLANG_CXX_LIBRARY = "libc++";
				CLANG_ENABLE_MODULES = YES;
				CLANG_ENABLE_OBJC_ARC = YES;
				CLANG_WARN_BOOL_CONVERSION = YES;
				CLANG_WARN_CONSTANT_CONVERSION = YES;
				CLANG_WARN_DIRECT_OBJC_ISA_USAGE = YES_ERROR;
				CLANG_WARN_EMPTY_BODY = YES;
				CLANG_WARN_ENUM_CONVERSION = YES;
				CLANG_WARN_INT_CONVERSION = YES;
				CLANG_WARN_OBJC_ROOT_CLASS = YES_ERROR;
				CLANG_WARN_UNREACHABLE_CODE = YES;
				CLANG_WARN__DUPLICATE_METHOD_MATCH = YES;
				"CODE_SIGN_IDENTITY[sdk=iphoneos*]" = "iPhone Developer";
				COPY_PHASE_STRIP = NO;
				DEBUG_INFORMATION_FORMAT = dwarf;
				ENABLE_STRICT_OBJC_MSGSEND = YES;
				ENABLE_TESTABILITY = YES;
				GCC_C_LANGUAGE_STANDARD = gnu99;
				GCC_DYNAMIC_NO_PIC = NO;
				GCC_NO_COMMON_BLOCKS = YES;
				GCC_OPTIMIZATION_LEVEL = 0;
				GCC_PREPROCESSOR_DEFINITIONS = (
					"DEBUG=1",
					"$(inherited)",
				);
				GCC_WARN_64_TO_32_BIT_CONVERSION = YES;
				GCC_WARN_ABOUT_RETURN_TYPE = YES_ERROR;
				GCC_WARN_UNDECLARED_SELECTOR = YES;
				GCC_WARN_UNINITIALIZED_AUTOS = YES_AGGRESSIVE;
				GCC_WARN_UNUSED_FUNCTION = YES;
				GCC_WARN_UNUSED_VARIABLE = YES;
				IPHONEOS_DEPLOYMENT_TARGET = 9.2;
				MTL_ENABLE_DEBUG_INFO = YES;
				ONLY_ACTIVE_ARCH = YES;
				SDKROOT = iphoneos;
				SWIFT_OPTIMIZATION_LEVEL = "-Onone";
			};
			name = Debug;
		};
		09F0005F1C246A3C005252D6 /* Release */ = {
			isa = XCBuildConfiguration;
			buildSettings = {
				ALWAYS_SEARCH_USER_PATHS = NO;
				CLANG_CXX_LANGUAGE_STANDARD = "gnu++0x";
				CLANG_CXX_LIBRARY = "libc++";
				CLANG_ENABLE_MODULES = YES;
				CLANG_ENABLE_OBJC_ARC = YES;
				CLANG_WARN_BOOL_CONVERSION = YES;
				CLANG_WARN_CONSTANT_CONVERSION = YES;
				CLANG_WARN_DIRECT_OBJC_ISA_USAGE = YES_ERROR;
				CLANG_WARN_EMPTY_BODY = YES;
				CLANG_WARN_ENUM_CONVERSION = YES;
				CLANG_WARN_INT_CONVERSION = YES;
				CLANG_WARN_OBJC_ROOT_CLASS = YES_ERROR;
				CLANG_WARN_UNREACHABLE_CODE = YES;
				CLANG_WARN__DUPLICATE_METHOD_MATCH = YES;
				"CODE_SIGN_IDENTITY[sdk=iphoneos*]" = "iPhone Developer";
				COPY_PHASE_STRIP = NO;
				DEBUG_INFORMATION_FORMAT = "dwarf-with-dsym";
				ENABLE_NS_ASSERTIONS = NO;
				ENABLE_STRICT_OBJC_MSGSEND = YES;
				GCC_C_LANGUAGE_STANDARD = gnu99;
				GCC_NO_COMMON_BLOCKS = YES;
				GCC_WARN_64_TO_32_BIT_CONVERSION = YES;
				GCC_WARN_ABOUT_RETURN_TYPE = YES_ERROR;
				GCC_WARN_UNDECLARED_SELECTOR = YES;
				GCC_WARN_UNINITIALIZED_AUTOS = YES_AGGRESSIVE;
				GCC_WARN_UNUSED_FUNCTION = YES;
				GCC_WARN_UNUSED_VARIABLE = YES;
				IPHONEOS_DEPLOYMENT_TARGET = 9.2;
				MTL_ENABLE_DEBUG_INFO = NO;
				SDKROOT = iphoneos;
				VALIDATE_PRODUCT = YES;
			};
			name = Release;
		};
		09F000611C246A3C005252D6 /* Debug */ = {
			isa = XCBuildConfiguration;
			baseConfigurationReference = 8D2B7A9F7C34D5AB702A28E0 /* Pods-Acceptance.debug.xcconfig */;
			buildSettings = {
				ASSETCATALOG_COMPILER_APPICON_NAME = AppIcon;
				FRAMEWORK_SEARCH_PATHS = (
					"$(inherited)",
					"$(PROJECT_DIR)/Carthage/Build/iOS",
				);
				INFOPLIST_FILE = Acceptance/Info.plist;
				LD_RUNPATH_SEARCH_PATHS = "$(inherited) @executable_path/Frameworks";
				PRODUCT_BUNDLE_IDENTIFIER = "k-shuto.Acceptance";
				PRODUCT_NAME = "$(TARGET_NAME)";
			};
			name = Debug;
		};
		09F000621C246A3C005252D6 /* Release */ = {
			isa = XCBuildConfiguration;
			baseConfigurationReference = 8EE32C64AD3DBAA4C78AA070 /* Pods-Acceptance.release.xcconfig */;
			buildSettings = {
				ASSETCATALOG_COMPILER_APPICON_NAME = AppIcon;
				FRAMEWORK_SEARCH_PATHS = (
					"$(inherited)",
					"$(PROJECT_DIR)/Carthage/Build/iOS",
				);
				INFOPLIST_FILE = Acceptance/Info.plist;
				LD_RUNPATH_SEARCH_PATHS = "$(inherited) @executable_path/Frameworks";
				PRODUCT_BUNDLE_IDENTIFIER = "k-shuto.Acceptance";
				PRODUCT_NAME = "$(TARGET_NAME)";
			};
			name = Release;
		};
		09F000641C246A3C005252D6 /* Debug */ = {
			isa = XCBuildConfiguration;
			buildSettings = {
				BUNDLE_LOADER = "$(TEST_HOST)";
				INFOPLIST_FILE = AcceptanceTests/Info.plist;
				LD_RUNPATH_SEARCH_PATHS = "$(inherited) @executable_path/Frameworks @loader_path/Frameworks";
				PRODUCT_BUNDLE_IDENTIFIER = "k-shuto.AcceptanceTests";
				PRODUCT_NAME = "$(TARGET_NAME)";
				TEST_HOST = "$(BUILT_PRODUCTS_DIR)/Acceptance.app/Acceptance";
			};
			name = Debug;
		};
		09F000651C246A3C005252D6 /* Release */ = {
			isa = XCBuildConfiguration;
			buildSettings = {
				BUNDLE_LOADER = "$(TEST_HOST)";
				INFOPLIST_FILE = AcceptanceTests/Info.plist;
				LD_RUNPATH_SEARCH_PATHS = "$(inherited) @executable_path/Frameworks @loader_path/Frameworks";
				PRODUCT_BUNDLE_IDENTIFIER = "k-shuto.AcceptanceTests";
				PRODUCT_NAME = "$(TARGET_NAME)";
				TEST_HOST = "$(BUILT_PRODUCTS_DIR)/Acceptance.app/Acceptance";
			};
			name = Release;
		};
		09F000671C246A3C005252D6 /* Debug */ = {
			isa = XCBuildConfiguration;
			buildSettings = {
				INFOPLIST_FILE = AcceptanceUITests/Info.plist;
				LD_RUNPATH_SEARCH_PATHS = "$(inherited) @executable_path/Frameworks @loader_path/Frameworks";
				PRODUCT_BUNDLE_IDENTIFIER = "k-shuto.AcceptanceUITests";
				PRODUCT_NAME = "$(TARGET_NAME)";
				TEST_TARGET_NAME = Acceptance;
				USES_XCTRUNNER = YES;
			};
			name = Debug;
		};
		09F000681C246A3C005252D6 /* Release */ = {
			isa = XCBuildConfiguration;
			buildSettings = {
				INFOPLIST_FILE = AcceptanceUITests/Info.plist;
				LD_RUNPATH_SEARCH_PATHS = "$(inherited) @executable_path/Frameworks @loader_path/Frameworks";
				PRODUCT_BUNDLE_IDENTIFIER = "k-shuto.AcceptanceUITests";
				PRODUCT_NAME = "$(TARGET_NAME)";
				TEST_TARGET_NAME = Acceptance;
				USES_XCTRUNNER = YES;
			};
			name = Release;
		};
/* End XCBuildConfiguration section */

/* Begin XCConfigurationList section */
		09F000331C246A3C005252D6 /* Build configuration list for PBXProject "Acceptance" */ = {
			isa = XCConfigurationList;
			buildConfigurations = (
				09F0005E1C246A3C005252D6 /* Debug */,
				09F0005F1C246A3C005252D6 /* Release */,
			);
			defaultConfigurationIsVisible = 0;
			defaultConfigurationName = Release;
		};
		09F000601C246A3C005252D6 /* Build configuration list for PBXNativeTarget "Acceptance" */ = {
			isa = XCConfigurationList;
			buildConfigurations = (
				09F000611C246A3C005252D6 /* Debug */,
				09F000621C246A3C005252D6 /* Release */,
			);
			defaultConfigurationIsVisible = 0;
			defaultConfigurationName = Release;
		};
		09F000631C246A3C005252D6 /* Build configuration list for PBXNativeTarget "AcceptanceTests" */ = {
			isa = XCConfigurationList;
			buildConfigurations = (
				09F000641C246A3C005252D6 /* Debug */,
				09F000651C246A3C005252D6 /* Release */,
			);
			defaultConfigurationIsVisible = 0;
			defaultConfigurationName = Release;
		};
		09F000661C246A3C005252D6 /* Build configuration list for PBXNativeTarget "AcceptanceUITests" */ = {
			isa = XCConfigurationList;
			buildConfigurations = (
				09F000671C246A3C005252D6 /* Debug */,
				09F000681C246A3C005252D6 /* Release */,
			);
			defaultConfigurationIsVisible = 0;
			defaultConfigurationName = Release;
		};
/* End XCConfigurationList section */
	};
	rootObject = 09F000301C246A3C005252D6 /* Project object */;
}
